
Microsoft Visual Studio Solution File, Format Version 12.00
# Visual Studio Version 16
VisualStudioVersion = 16.0.30717.126
MinimumVisualStudioVersion = 10.0.40219.1
Project("{FAE04EC0-301F-11D3-BF4B-00C04F79EFBC}") = "Lands.Android", "Lands\Lands.Android\Lands.Android.csproj", "{5AA17759-95E1-4AD2-A039-045FA4773F66}"
EndProject
Project("{FAE04EC0-301F-11D3-BF4B-00C04F79EFBC}") = "Lands.iOS", "Lands\Lands.iOS\Lands.iOS.csproj", "{77026FAA-699A-4C91-9B12-2CFA00A46AB5}"
EndProject
Project("{9A19103F-16F7-4668-BE54-9A1E7A4F7556}") = "Lands", "Lands\Lands\Lands.csproj", "{60E54819-EBD4-4E6B-BE8C-F1BA436224D1}"
EndProject
Project("{2150E333-8FDC-42A3-9474-1A3956D46DE8}") = "UI", "UI", "{178386DD-9B53-4C4F-B356-556789433E02}"
EndProject
Project("{2150E333-8FDC-42A3-9474-1A3956D46DE8}") = "Domain", "Domain", "{44150B0A-6D0D-4F8F-BECD-55B08F9B0A31}"
EndProject
Project("{2150E333-8FDC-42A3-9474-1A3956D46DE8}") = "Backend", "Backend", "{1E36B8D8-7D16-4E7E-A78E-C30832088C73}"
EndProject
Project("{FAE04EC0-301F-11D3-BF4B-00C04F79EFBC}") = "Lands.Domain", "Lands.Domain\Lands.Domain.csproj", "{49A40A9E-C15F-4458-B961-82ADAB798DF2}"
EndProject
Project("{FAE04EC0-301F-11D3-BF4B-00C04F79EFBC}") = "Lands.Backend", "Lands.Backend\Lands.Backend.csproj", "{DA9807B5-F751-4891-BA37-9FDC328AF0DC}"
EndProject
Project("{2150E333-8FDC-42A3-9474-1A3956D46DE8}") = "Api", "Api", "{5D398F27-1BB5-476D-8BBE-22625799AA78}"
EndProject
Project("{FAE04EC0-301F-11D3-BF4B-00C04F79EFBC}") = "Lands.Api", "Lands.Api\Lands.Api.csproj", "{D6893612-44B2-4885-8679-728386BA9953}"
EndProject
Global
	GlobalSection(SolutionConfigurationPlatforms) = preSolution
		Debug|Any CPU = Debug|Any CPU
		Debug|iPhone = Debug|iPhone
		Debug|iPhoneSimulator = Debug|iPhoneSimulator
		Release|Any CPU = Release|Any CPU
		Release|iPhone = Release|iPhone
		Release|iPhoneSimulator = Release|iPhoneSimulator
	EndGlobalSection
	GlobalSection(ProjectConfigurationPlatforms) = postSolution
		{5AA17759-95E1-4AD2-A039-045FA4773F66}.Debug|Any CPU.ActiveCfg = Debug|Any CPU
		{5AA17759-95E1-4AD2-A039-045FA4773F66}.Debug|Any CPU.Build.0 = Debug|Any CPU
		{5AA17759-95E1-4AD2-A039-045FA4773F66}.Debug|Any CPU.Deploy.0 = Debug|Any CPU
		{5AA17759-95E1-4AD2-A039-045FA4773F66}.Debug|iPhone.ActiveCfg = Debug|Any CPU
		{5AA17759-95E1-4AD2-A039-045FA4773F66}.Debug|iPhone.Build.0 = Debug|Any CPU
		{5AA17759-95E1-4AD2-A039-045FA4773F66}.Debug|iPhone.Deploy.0 = Debug|Any CPU
		{5AA17759-95E1-4AD2-A039-045FA4773F66}.Debug|iPhoneSimulator.ActiveCfg = Debug|Any CPU
		{5AA17759-95E1-4AD2-A039-045FA4773F66}.Debug|iPhoneSimulator.Build.0 = Debug|Any CPU
		{5AA17759-95E1-4AD2-A039-045FA4773F66}.Debug|iPhoneSimulator.Deploy.0 = Debug|Any CPU
		{5AA17759-95E1-4AD2-A039-045FA4773F66}.Release|Any CPU.ActiveCfg = Release|Any CPU
		{5AA17759-95E1-4AD2-A039-045FA4773F66}.Release|Any CPU.Build.0 = Release|Any CPU
		{5AA17759-95E1-4AD2-A039-045FA4773F66}.Release|Any CPU.Deploy.0 = Release|Any CPU
		{5AA17759-95E1-4AD2-A039-045FA4773F66}.Release|iPhone.ActiveCfg = Release|Any CPU
		{5AA17759-95E1-4AD2-A039-045FA4773F66}.Release|iPhone.Build.0 = Release|Any CPU
		{5AA17759-95E1-4AD2-A039-045FA4773F66}.Release|iPhone.Deploy.0 = Release|Any CPU
		{5AA17759-95E1-4AD2-A039-045FA4773F66}.Release|iPhoneSimulator.ActiveCfg = Release|Any CPU
		{5AA17759-95E1-4AD2-A039-045FA4773F66}.Release|iPhoneSimulator.Build.0 = Release|Any CPU
		{5AA17759-95E1-4AD2-A039-045FA4773F66}.Release|iPhoneSimulator.Deploy.0 = Release|Any CPU
		{77026FAA-699A-4C91-9B12-2CFA00A46AB5}.Debug|Any CPU.ActiveCfg = Debug|iPhone
		{77026FAA-699A-4C91-9B12-2CFA00A46AB5}.Debug|Any CPU.Build.0 = Debug|iPhone
		{77026FAA-699A-4C91-9B12-2CFA00A46AB5}.Debug|Any CPU.Deploy.0 = Debug|iPhone
		{77026FAA-699A-4C91-9B12-2CFA00A46AB5}.Debug|iPhone.ActiveCfg = Debug|iPhone
		{77026FAA-699A-4C91-9B12-2CFA00A46AB5}.Debug|iPhone.Build.0 = Debug|iPhone
		{77026FAA-699A-4C91-9B12-2CFA00A46AB5}.Debug|iPhone.Deploy.0 = Debug|iPhone
		{77026FAA-699A-4C91-9B12-2CFA00A46AB5}.Debug|iPhoneSimulator.ActiveCfg = Debug|iPhoneSimulator
		{77026FAA-699A-4C91-9B12-2CFA00A46AB5}.Debug|iPhoneSimulator.Build.0 = Debug|iPhoneSimulator
		{77026FAA-699A-4C91-9B12-2CFA00A46AB5}.Debug|iPhoneSimulator.Deploy.0 = Debug|iPhoneSimulator
		{77026FAA-699A-4C91-9B12-2CFA00A46AB5}.Release|Any CPU.ActiveCfg = Release|iPhoneSimulator
		{77026FAA-699A-4C91-9B12-2CFA00A46AB5}.Release|Any CPU.Build.0 = Release|iPhoneSimulator
		{77026FAA-699A-4C91-9B12-2CFA00A46AB5}.Release|Any CPU.Deploy.0 = Release|iPhoneSimulator
		{77026FAA-699A-4C91-9B12-2CFA00A46AB5}.Release|iPhone.ActiveCfg = Release|iPhone
		{77026FAA-699A-4C91-9B12-2CFA00A46AB5}.Release|iPhone.Build.0 = Release|iPhone
		{77026FAA-699A-4C91-9B12-2CFA00A46AB5}.Release|iPhone.Deploy.0 = Release|iPhone
		{77026FAA-699A-4C91-9B12-2CFA00A46AB5}.Release|iPhoneSimulator.ActiveCfg = Release|iPhoneSimulator
		{77026FAA-699A-4C91-9B12-2CFA00A46AB5}.Release|iPhoneSimulator.Build.0 = Release|iPhoneSimulator
		{77026FAA-699A-4C91-9B12-2CFA00A46AB5}.Release|iPhoneSimulator.Deploy.0 = Release|iPhoneSimulator
		{60E54819-EBD4-4E6B-BE8C-F1BA436224D1}.Debug|Any CPU.ActiveCfg = Debug|Any CPU
		{60E54819-EBD4-4E6B-BE8C-F1BA436224D1}.Debug|Any CPU.Build.0 = Debug|Any CPU
		{60E54819-EBD4-4E6B-BE8C-F1BA436224D1}.Debug|Any CPU.Deploy.0 = Debug|Any CPU
		{60E54819-EBD4-4E6B-BE8C-F1BA436224D1}.Debug|iPhone.ActiveCfg = Debug|Any CPU
		{60E54819-EBD4-4E6B-BE8C-F1BA436224D1}.Debug|iPhone.Build.0 = Debug|Any CPU
		{60E54819-EBD4-4E6B-BE8C-F1BA436224D1}.Debug|iPhone.Deploy.0 = Debug|Any CPU
		{60E54819-EBD4-4E6B-BE8C-F1BA436224D1}.Debug|iPhoneSimulator.ActiveCfg = Debug|Any CPU
		{60E54819-EBD4-4E6B-BE8C-F1BA436224D1}.Debug|iPhoneSimulator.Build.0 = Debug|Any CPU
		{60E54819-EBD4-4E6B-BE8C-F1BA436224D1}.Debug|iPhoneSimulator.Deploy.0 = Debug|Any CPU
		{60E54819-EBD4-4E6B-BE8C-F1BA436224D1}.Release|Any CPU.ActiveCfg = Release|Any CPU
		{60E54819-EBD4-4E6B-BE8C-F1BA436224D1}.Release|Any CPU.Build.0 = Release|Any CPU
		{60E54819-EBD4-4E6B-BE8C-F1BA436224D1}.Release|Any CPU.Deploy.0 = Release|Any CPU
		{60E54819-EBD4-4E6B-BE8C-F1BA436224D1}.Release|iPhone.ActiveCfg = Release|Any CPU
		{60E54819-EBD4-4E6B-BE8C-F1BA436224D1}.Release|iPhone.Build.0 = Release|Any CPU
		{60E54819-EBD4-4E6B-BE8C-F1BA436224D1}.Release|iPhone.Deploy.0 = Release|Any CPU
		{60E54819-EBD4-4E6B-BE8C-F1BA436224D1}.Release|iPhoneSimulator.ActiveCfg = Release|Any CPU
		{60E54819-EBD4-4E6B-BE8C-F1BA436224D1}.Release|iPhoneSimulator.Build.0 = Release|Any CPU
		{60E54819-EBD4-4E6B-BE8C-F1BA436224D1}.Release|iPhoneSimulator.Deploy.0 = Release|Any CPU
		{49A40A9E-C15F-4458-B961-82ADAB798DF2}.Debug|Any CPU.ActiveCfg = Debug|Any CPU
		{49A40A9E-C15F-4458-B961-82ADAB798DF2}.Debug|Any CPU.Build.0 = Debug|Any CPU
		{49A40A9E-C15F-4458-B961-82ADAB798DF2}.Debug|iPhone.ActiveCfg = Debug|Any CPU
		{49A40A9E-C15F-4458-B961-82ADAB798DF2}.Debug|iPhone.Build.0 = Debug|Any CPU
		{49A40A9E-C15F-4458-B961-82ADAB798DF2}.Debug|iPhoneSimulator.ActiveCfg = Debug|Any CPU
		{49A40A9E-C15F-4458-B961-82ADAB798DF2}.Debug|iPhoneSimulator.Build.0 = Debug|Any CPU
		{49A40A9E-C15F-4458-B961-82ADAB798DF2}.Release|Any CPU.ActiveCfg = Release|Any CPU
		{49A40A9E-C15F-4458-B961-82ADAB798DF2}.Release|Any CPU.Build.0 = Release|Any CPU
		{49A40A9E-C15F-4458-B961-82ADAB798DF2}.Release|iPhone.ActiveCfg = Release|Any CPU
		{49A40A9E-C15F-4458-B961-82ADAB798DF2}.Release|iPhone.Build.0 = Release|Any CPU
		{49A40A9E-C15F-4458-B961-82ADAB798DF2}.Release|iPhoneSimulator.ActiveCfg = Release|Any CPU
		{49A40A9E-C15F-4458-B961-82ADAB798DF2}.Release|iPhoneSimulator.Build.0 = Release|Any CPU
		{DA9807B5-F751-4891-BA37-9FDC328AF0DC}.Debug|Any CPU.ActiveCfg = Debug|Any CPU
		{DA9807B5-F751-4891-BA37-9FDC328AF0DC}.Debug|Any CPU.Build.0 = Debug|Any CPU
		{DA9807B5-F751-4891-BA37-9FDC328AF0DC}.Debug|iPhone.ActiveCfg = Debug|Any CPU
		{DA9807B5-F751-4891-BA37-9FDC328AF0DC}.Debug|iPhone.Build.0 = Debug|Any CPU
		{DA9807B5-F751-4891-BA37-9FDC328AF0DC}.Debug|iPhoneSimulator.ActiveCfg = Debug|Any CPU
		{DA9807B5-F751-4891-BA37-9FDC328AF0DC}.Debug|iPhoneSimulator.Build.0 = Debug|Any CPU
		{DA9807B5-F751-4891-BA37-9FDC328AF0DC}.Release|Any CPU.ActiveCfg = Release|Any CPU
		{DA9807B5-F751-4891-BA37-9FDC328AF0DC}.Release|Any CPU.Build.0 = Release|Any CPU
		{DA9807B5-F751-4891-BA37-9FDC328AF0DC}.Release|iPhone.ActiveCfg = Release|Any CPU
		{DA9807B5-F751-4891-BA37-9FDC328AF0DC}.Release|iPhone.Build.0 = Release|Any CPU
		{DA9807B5-F751-4891-BA37-9FDC328AF0DC}.Release|iPhoneSimulator.ActiveCfg = Release|Any CPU
		{DA9807B5-F751-4891-BA37-9FDC328AF0DC}.Release|iPhoneSimulator.Build.0 = Release|Any CPU
		{D6893612-44B2-4885-8679-728386BA9953}.Debug|Any CPU.ActiveCfg = Debug|Any CPU
		{D6893612-44B2-4885-8679-728386BA9953}.Debug|Any CPU.Build.0 = Debug|Any CPU
		{D6893612-44B2-4885-8679-728386BA9953}.Debug|iPhone.ActiveCfg = Debug|Any CPU
		{D6893612-44B2-4885-8679-728386BA9953}.Debug|iPhone.Build.0 = Debug|Any CPU
		{D6893612-44B2-4885-8679-728386BA9953}.Debug|iPhoneSimulator.ActiveCfg = Debug|Any CPU
		{D6893612-44B2-4885-8679-728386BA9953}.Debug|iPhoneSimulator.Build.0 = Debug|Any CPU
		{D6893612-44B2-4885-8679-728386BA9953}.Release|Any CPU.ActiveCfg = Release|Any CPU
		{D6893612-44B2-4885-8679-728386BA9953}.Release|Any CPU.Build.0 = Release|Any CPU
		{D6893612-44B2-4885-8679-728386BA9953}.Release|iPhone.ActiveCfg = Release|Any CPU
		{D6893612-44B2-4885-8679-728386BA9953}.Release|iPhone.Build.0 = Release|Any CPU
		{D6893612-44B2-4885-8679-728386BA9953}.Release|iPhoneSimulator.ActiveCfg = Release|Any CPU
		{D6893612-44B2-4885-8679-728386BA9953}.Release|iPhoneSimulator.Build.0 = Release|Any CPU
	EndGlobalSection
	GlobalSection(SolutionProperties) = preSolution
		HideSolutionNode = FALSE
	EndGlobalSection
	GlobalSection(NestedProjects) = preSolution
		{5AA17759-95E1-4AD2-A039-045FA4773F66} = {178386DD-9B53-4C4F-B356-556789433E02}
		{77026FAA-699A-4C91-9B12-2CFA00A46AB5} = {178386DD-9B53-4C4F-B356-556789433E02}
		{60E54819-EBD4-4E6B-BE8C-F1BA436224D1} = {178386DD-9B53-4C4F-B356-556789433E02}
		{49A40A9E-C15F-4458-B961-82ADAB798DF2} = {44150B0A-6D0D-4F8F-BECD-55B08F9B0A31}
		{DA9807B5-F751-4891-BA37-9FDC328AF0DC} = {1E36B8D8-7D16-4E7E-A78E-C30832088C73}
		{D6893612-44B2-4885-8679-728386BA9953} = {5D398F27-1BB5-476D-8BBE-22625799AA78}
	EndGlobalSection
	GlobalSection(ExtensibilityGlobals) = postSolution
		SolutionGuid = {BC884328-0183-4639-ADD3-B6F125CAA759}
	EndGlobalSection
EndGlobal
